
Microsoft Visual Studio Solution File, Format Version 12.00
# Visual Studio Version 17
VisualStudioVersion = 17.8.34525.116
MinimumVisualStudioVersion = 10.0.40219.1
Project("{FAE04EC0-301F-11D3-BF4B-00C04F79EFBC}") = "WorkingWithLinqMethodSyntax", "WorkingWithLinqMethodSyntax.csproj", "{5583F19F-D550-4E83-8D06-54CD7837997E}"
EndProject
Global
	GlobalSection(SolutionConfigurationPlatforms) = preSolution
		Debug|Any CPU = Debug|Any CPU
		Release|Any CPU = Release|Any CPU
	EndGlobalSection
	GlobalSection(ProjectConfigurationPlatforms) = postSolution
		{5583F19F-D550-4E83-8D06-54CD7837997E}.Debug|Any CPU.ActiveCfg = Debug|Any CPU
		{5583F19F-D550-4E83-8D06-54CD7837997E}.Debug|Any CPU.Build.0 = Debug|Any CPU
		{5583F19F-D550-4E83-8D06-54CD7837997E}.Release|Any CPU.ActiveCfg = Release|Any CPU
		{5583F19F-D550-4E83-8D06-54CD7837997E}.Release|Any CPU.Build.0 = Release|Any CPU
	EndGlobalSection
	GlobalSection(SolutionProperties) = preSolution
		HideSolutionNode = FALSE
	EndGlobalSection
	GlobalSection(ExtensibilityGlobals) = postSolution
		SolutionGuid = {BD6E29B5-EC54-4D47-843D-8E77EE16F7CF}
	EndGlobalSection
EndGlobal
